
Microsoft Visual Studio Solution File, Format Version 12.00
# Visual Studio 15
VisualStudioVersion = 15.0.28307.2092
MinimumVisualStudioVersion = 10.0.40219.1
Project("{8BC9CEB8-8B4A-11D0-8D11-00A0C91BC942}") = "SP31_Shader_00_Base", "SP31_Shader_00_Base.vcxproj", "{B129403C-81F6-4EEB-A2BE-D352C51F0446}"
EndProject
Global
	GlobalSection(SolutionConfigurationPlatforms) = preSolution
		Debug|x64 = Debug|x64
		Debug|x86 = Debug|x86
		Release|x64 = Release|x64
		Release|x86 = Release|x86
	EndGlobalSection
	GlobalSection(ProjectConfigurationPlatforms) = postSolution
		{B129403C-81F6-4EEB-A2BE-D352C51F0446}.Debug|x64.ActiveCfg = Debug|x64
		{B129403C-81F6-4EEB-A2BE-D352C51F0446}.Debug|x64.Build.0 = Debug|x64
		{B129403C-81F6-4EEB-A2BE-D352C51F0446}.Debug|x86.ActiveCfg = Debug|Win32
		{B129403C-81F6-4EEB-A2BE-D352C51F0446}.Debug|x86.Build.0 = Debug|Win32
		{B129403C-81F6-4EEB-A2BE-D352C51F0446}.Release|x64.ActiveCfg = Release|x64
		{B129403C-81F6-4EEB-A2BE-D352C51F0446}.Release|x64.Build.0 = Release|x64
		{B129403C-81F6-4EEB-A2BE-D352C51F0446}.Release|x86.ActiveCfg = Release|Win32
		{B129403C-81F6-4EEB-A2BE-D352C51F0446}.Release|x86.Build.0 = Release|Win32
	EndGlobalSection
	GlobalSection(SolutionProperties) = preSolution
		HideSolutionNode = FALSE
	EndGlobalSection
	GlobalSection(ExtensibilityGlobals) = postSolution
		SolutionGuid = {D25092E0-D1B2-4077-8408-ABA9B80819D6}
	EndGlobalSection
EndGlobal
